// !$*UTF8*$!
{
	archiveVersion = 1;
	classes = {
	};
	objectVersion = 46;
	objects = {

/* Begin PBXBuildFile section */
		4837CC651BA71EA400BA2CDE /* NutshellUITextField.swift in Sources */ = {isa = PBXBuildFile; fileRef = 4837CC641BA71EA400BA2CDE /* NutshellUITextField.swift */; };
		4837CC671BA730F000BA2CDE /* NutshellUILabel.swift in Sources */ = {isa = PBXBuildFile; fileRef = 4837CC661BA730F000BA2CDE /* NutshellUILabel.swift */; };
		4837CC691BA7394E00BA2CDE /* NutshellUIButton.swift in Sources */ = {isa = PBXBuildFile; fileRef = 4837CC681BA7394E00BA2CDE /* NutshellUIButton.swift */; };
		483E3C361B9F4A6300DA49E7 /* BaseUIViewController.swift in Sources */ = {isa = PBXBuildFile; fileRef = 483E3C351B9F4A6300DA49E7 /* BaseUIViewController.swift */; };
		483E3C391B9F4A9200DA49E7 /* BaseUITableViewController.swift in Sources */ = {isa = PBXBuildFile; fileRef = 483E3C381B9F4A9200DA49E7 /* BaseUITableViewController.swift */; };
		483E3C3B1B9F4C9B00DA49E7 /* BaseUITableViewCell.swift in Sources */ = {isa = PBXBuildFile; fileRef = 483E3C3A1B9F4C9B00DA49E7 /* BaseUITableViewCell.swift */; };
		4851C6921BA6281800F8E0EE /* NutshellUIView.swift in Sources */ = {isa = PBXBuildFile; fileRef = 4851C6911BA6281800F8E0EE /* NutshellUIView.swift */; };
		4851C6951BA689FC00F8E0EE /* NutshellUITableView.swift in Sources */ = {isa = PBXBuildFile; fileRef = 4851C6941BA689FC00F8E0EE /* NutshellUITableView.swift */; };
		4851C6971BA68C0D00F8E0EE /* NutshellUITableViewCell.swift in Sources */ = {isa = PBXBuildFile; fileRef = 4851C6961BA68C0D00F8E0EE /* NutshellUITableViewCell.swift */; };
		4859229B1B9A61510056E605 /* Login.storyboard in Resources */ = {isa = PBXBuildFile; fileRef = 485922991B9A61510056E605 /* Login.storyboard */; };
		4859229D1B9A61620056E605 /* AddEvent.storyboard in Resources */ = {isa = PBXBuildFile; fileRef = 4859229C1B9A61620056E605 /* AddEvent.storyboard */; };
		4859229F1B9A61920056E605 /* Menu.storyboard in Resources */ = {isa = PBXBuildFile; fileRef = 4859229E1B9A61920056E605 /* Menu.storyboard */; };
		485922A21B9A634E0056E605 /* EventListTableViewController.swift in Sources */ = {isa = PBXBuildFile; fileRef = 485922A11B9A634E0056E605 /* EventListTableViewController.swift */; };
		485922A41B9A639B0056E605 /* EventGroupTableViewController.swift in Sources */ = {isa = PBXBuildFile; fileRef = 485922A31B9A639B0056E605 /* EventGroupTableViewController.swift */; };
		485922A81B9C98420056E605 /* splash_logo@2x.png in Resources */ = {isa = PBXBuildFile; fileRef = 485922A61B9C98420056E605 /* splash_logo@2x.png */; };
		485922B01B9C9BAE0056E605 /* menu-button@2x.png in Resources */ = {isa = PBXBuildFile; fileRef = 485922AD1B9C9BAE0056E605 /* menu-button@2x.png */; };
		485922B61B9C9C430056E605 /* add-button@2x.png in Resources */ = {isa = PBXBuildFile; fileRef = 485922B31B9C9C430056E605 /* add-button@2x.png */; };
		485922BA1B9C9D860056E605 /* menu-button@3x.png in Resources */ = {isa = PBXBuildFile; fileRef = 485922B91B9C9D860056E605 /* menu-button@3x.png */; };
		485922BD1B9CA13E0056E605 /* MenuTableViewController.swift in Sources */ = {isa = PBXBuildFile; fileRef = 485922BC1B9CA13E0056E605 /* MenuTableViewController.swift */; };
		4859FCB91B9A4DE4000C1269 /* AppDelegate.swift in Sources */ = {isa = PBXBuildFile; fileRef = 4859FCB81B9A4DE4000C1269 /* AppDelegate.swift */; };
		4859FCBE1B9A4DE4000C1269 /* EventView.storyboard in Resources */ = {isa = PBXBuildFile; fileRef = 4859FCBC1B9A4DE4000C1269 /* EventView.storyboard */; };
		4859FCC11B9A4DE4000C1269 /* Nutshell.xcdatamodeld in Sources */ = {isa = PBXBuildFile; fileRef = 4859FCBF1B9A4DE4000C1269 /* Nutshell.xcdatamodeld */; };
		4859FCC31B9A4DE4000C1269 /* Assets.xcassets in Resources */ = {isa = PBXBuildFile; fileRef = 4859FCC21B9A4DE4000C1269 /* Assets.xcassets */; };
		4859FCC61B9A4DE4000C1269 /* LaunchScreen.storyboard in Resources */ = {isa = PBXBuildFile; fileRef = 4859FCC41B9A4DE4000C1269 /* LaunchScreen.storyboard */; };
		4859FCD11B9A4DE5000C1269 /* NutshellTests.swift in Sources */ = {isa = PBXBuildFile; fileRef = 4859FCD01B9A4DE5000C1269 /* NutshellTests.swift */; };
		4859FCDC1B9A4DE5000C1269 /* NutshellUITests.swift in Sources */ = {isa = PBXBuildFile; fileRef = 4859FCDB1B9A4DE5000C1269 /* NutshellUITests.swift */; };
		486283AC1BA396AE00547BE3 /* APIConnect.swift in Sources */ = {isa = PBXBuildFile; fileRef = 486F5E231BA0DC1000BA2A57 /* APIConnect.swift */; };
		486283AD1BA398A800547BE3 /* AppDelegate.swift in Sources */ = {isa = PBXBuildFile; fileRef = 4859FCB81B9A4DE4000C1269 /* AppDelegate.swift */; };
		486283AE1BA398A800547BE3 /* AppDelegate.swift in Sources */ = {isa = PBXBuildFile; fileRef = 4859FCB81B9A4DE4000C1269 /* AppDelegate.swift */; };
		486283B41BA48B1500547BE3 /* EventViewStoryboardTypes.swift in Sources */ = {isa = PBXBuildFile; fileRef = 486283B31BA48B1500547BE3 /* EventViewStoryboardTypes.swift */; };
		486F5DF21B9F874A00BA2A57 /* LaBelleAurore.ttf in Resources */ = {isa = PBXBuildFile; fileRef = 486F5DEE1B9F874A00BA2A57 /* LaBelleAurore.ttf */; };
		486F5DF51B9F874A00BA2A57 /* OpenSans-Bold.ttf in Resources */ = {isa = PBXBuildFile; fileRef = 486F5DEF1B9F874A00BA2A57 /* OpenSans-Bold.ttf */; };
		486F5DF81B9F874A00BA2A57 /* OpenSans-Regular.ttf in Resources */ = {isa = PBXBuildFile; fileRef = 486F5DF01B9F874A00BA2A57 /* OpenSans-Regular.ttf */; };
		486F5DFB1B9F874A00BA2A57 /* OpenSans-Semibold.ttf in Resources */ = {isa = PBXBuildFile; fileRef = 486F5DF11B9F874A00BA2A57 /* OpenSans-Semibold.ttf */; };
		486F5E051B9FA7A800BA2A57 /* ConstantsAndStyle.swift in Sources */ = {isa = PBXBuildFile; fileRef = 486F5E041B9FA7A800BA2A57 /* ConstantsAndStyle.swift */; };
		486F5E061B9FA7A800BA2A57 /* ConstantsAndStyle.swift in Sources */ = {isa = PBXBuildFile; fileRef = 486F5E041B9FA7A800BA2A57 /* ConstantsAndStyle.swift */; };
		486F5E071B9FA7A800BA2A57 /* ConstantsAndStyle.swift in Sources */ = {isa = PBXBuildFile; fileRef = 486F5E041B9FA7A800BA2A57 /* ConstantsAndStyle.swift */; };
		486F5E091B9FB1C600BA2A57 /* NutshellStyles.swift in Sources */ = {isa = PBXBuildFile; fileRef = 486F5E081B9FB1C600BA2A57 /* NutshellStyles.swift */; };
		486F5E111BA08DE900BA2A57 /* LoginViewController.swift in Sources */ = {isa = PBXBuildFile; fileRef = 486F5E101BA08DE900BA2A57 /* LoginViewController.swift */; };
		486F5E151BA0908900BA2A57 /* login_logo@2x.png in Resources */ = {isa = PBXBuildFile; fileRef = 486F5E141BA0908900BA2A57 /* login_logo@2x.png */; };
		486F5E161BA0908900BA2A57 /* login_logo@2x.png in Resources */ = {isa = PBXBuildFile; fileRef = 486F5E141BA0908900BA2A57 /* login_logo@2x.png */; };
		486F5E171BA0908900BA2A57 /* login_logo@2x.png in Resources */ = {isa = PBXBuildFile; fileRef = 486F5E141BA0908900BA2A57 /* login_logo@2x.png */; };
		486F5E1A1BA0AA5D00BA2A57 /* checked@2x.png in Resources */ = {isa = PBXBuildFile; fileRef = 486F5E181BA0AA5D00BA2A57 /* checked@2x.png */; };
		486F5E1B1BA0AA5D00BA2A57 /* unchecked@2x.png in Resources */ = {isa = PBXBuildFile; fileRef = 486F5E191BA0AA5D00BA2A57 /* unchecked@2x.png */; };
		486F5E241BA0DC1000BA2A57 /* APIConnect.swift in Sources */ = {isa = PBXBuildFile; fileRef = 486F5E231BA0DC1000BA2A57 /* APIConnect.swift */; };
		486F5E251BA0DC1000BA2A57 /* APIConnect.swift in Sources */ = {isa = PBXBuildFile; fileRef = 486F5E231BA0DC1000BA2A57 /* APIConnect.swift */; };
		486F5E2B1BA0DC6700BA2A57 /* NutEvent.swift in Sources */ = {isa = PBXBuildFile; fileRef = 486F5E291BA0DC6700BA2A57 /* NutEvent.swift */; };
		486F5E2C1BA0DC6700BA2A57 /* NutEvent.swift in Sources */ = {isa = PBXBuildFile; fileRef = 486F5E291BA0DC6700BA2A57 /* NutEvent.swift */; };
		486F5E3A1BA0E53600BA2A57 /* UIDateFormatterExtension.swift in Sources */ = {isa = PBXBuildFile; fileRef = 486F5E391BA0E53600BA2A57 /* UIDateFormatterExtension.swift */; };
		486F5E3B1BA0E53600BA2A57 /* UIDateFormatterExtension.swift in Sources */ = {isa = PBXBuildFile; fileRef = 486F5E391BA0E53600BA2A57 /* UIDateFormatterExtension.swift */; };
		486F5E3C1BA0E53600BA2A57 /* UIDateFormatterExtension.swift in Sources */ = {isa = PBXBuildFile; fileRef = 486F5E391BA0E53600BA2A57 /* UIDateFormatterExtension.swift */; };
		486F5E441BA1CABF00BA2A57 /* NutEventList.swift in Sources */ = {isa = PBXBuildFile; fileRef = 486F5E431BA1CABF00BA2A57 /* NutEventList.swift */; };
		486F5E451BA1CABF00BA2A57 /* NutEventList.swift in Sources */ = {isa = PBXBuildFile; fileRef = 486F5E431BA1CABF00BA2A57 /* NutEventList.swift */; };
		486F5E461BA1CABF00BA2A57 /* NutEventList.swift in Sources */ = {isa = PBXBuildFile; fileRef = 486F5E431BA1CABF00BA2A57 /* NutEventList.swift */; };
		486F5E4C1BA1CEE100BA2A57 /* WorkoutEventList.swift in Sources */ = {isa = PBXBuildFile; fileRef = 486F5E4B1BA1CEE100BA2A57 /* WorkoutEventList.swift */; };
		486F5E4D1BA1CEE100BA2A57 /* WorkoutEventList.swift in Sources */ = {isa = PBXBuildFile; fileRef = 486F5E4B1BA1CEE100BA2A57 /* WorkoutEventList.swift */; };
		486F5E4E1BA1CEE100BA2A57 /* WorkoutEventList.swift in Sources */ = {isa = PBXBuildFile; fileRef = 486F5E4B1BA1CEE100BA2A57 /* WorkoutEventList.swift */; };
		486F5E501BA1CEF400BA2A57 /* WorkoutEvent.swift in Sources */ = {isa = PBXBuildFile; fileRef = 486F5E4F1BA1CEF400BA2A57 /* WorkoutEvent.swift */; };
		486F5E511BA1CEF400BA2A57 /* WorkoutEvent.swift in Sources */ = {isa = PBXBuildFile; fileRef = 486F5E4F1BA1CEF400BA2A57 /* WorkoutEvent.swift */; };
		486F5E521BA1CEF400BA2A57 /* WorkoutEvent.swift in Sources */ = {isa = PBXBuildFile; fileRef = 486F5E4F1BA1CEF400BA2A57 /* WorkoutEvent.swift */; };
		486F5E541BA1D02900BA2A57 /* GlucoseReadings.swift in Sources */ = {isa = PBXBuildFile; fileRef = 486F5E531BA1D02900BA2A57 /* GlucoseReadings.swift */; };
		486F5E551BA1D02900BA2A57 /* GlucoseReadings.swift in Sources */ = {isa = PBXBuildFile; fileRef = 486F5E531BA1D02900BA2A57 /* GlucoseReadings.swift */; };
		486F5E561BA1D02900BA2A57 /* GlucoseReadings.swift in Sources */ = {isa = PBXBuildFile; fileRef = 486F5E531BA1D02900BA2A57 /* GlucoseReadings.swift */; };
		486F5E581BA1D0CC00BA2A57 /* InsulinInputs.swift in Sources */ = {isa = PBXBuildFile; fileRef = 486F5E571BA1D0CC00BA2A57 /* InsulinInputs.swift */; };
		486F5E591BA1D0CC00BA2A57 /* InsulinInputs.swift in Sources */ = {isa = PBXBuildFile; fileRef = 486F5E571BA1D0CC00BA2A57 /* InsulinInputs.swift */; };
		486F5E5A1BA1D0CC00BA2A57 /* InsulinInputs.swift in Sources */ = {isa = PBXBuildFile; fileRef = 486F5E571BA1D0CC00BA2A57 /* InsulinInputs.swift */; };
		486F5E601BA1EBE100BA2A57 /* EventListTableViewCell.swift in Sources */ = {isa = PBXBuildFile; fileRef = 486F5E5F1BA1EBE100BA2A57 /* EventListTableViewCell.swift */; };
		486F5E641BA1F20600BA2A57 /* NutEventItem.swift in Sources */ = {isa = PBXBuildFile; fileRef = 486F5E631BA1F20600BA2A57 /* NutEventItem.swift */; };
		486F5E651BA1F20600BA2A57 /* NutEventItem.swift in Sources */ = {isa = PBXBuildFile; fileRef = 486F5E631BA1F20600BA2A57 /* NutEventItem.swift */; };
		486F5E661BA1F20600BA2A57 /* NutEventItem.swift in Sources */ = {isa = PBXBuildFile; fileRef = 486F5E631BA1F20600BA2A57 /* NutEventItem.swift */; };
		486F5E671BA1FE2A00BA2A57 /* BaseUIViewController.swift in Sources */ = {isa = PBXBuildFile; fileRef = 483E3C351B9F4A6300DA49E7 /* BaseUIViewController.swift */; };
		486F5E681BA1FE2A00BA2A57 /* BaseUIViewController.swift in Sources */ = {isa = PBXBuildFile; fileRef = 483E3C351B9F4A6300DA49E7 /* BaseUIViewController.swift */; };
		486F5E691BA2029200BA2A57 /* BaseUITableViewCell.swift in Sources */ = {isa = PBXBuildFile; fileRef = 483E3C3A1B9F4C9B00DA49E7 /* BaseUITableViewCell.swift */; };
		486F5E6A1BA2029200BA2A57 /* BaseUITableViewCell.swift in Sources */ = {isa = PBXBuildFile; fileRef = 483E3C3A1B9F4C9B00DA49E7 /* BaseUITableViewCell.swift */; };
		486F5E6C1BA24B7F00BA2A57 /* EventGroupTableViewCell.swift in Sources */ = {isa = PBXBuildFile; fileRef = 486F5E6B1BA24B7F00BA2A57 /* EventGroupTableViewCell.swift */; };
		486F5E6E1BA24C5C00BA2A57 /* EventDetailViewController.swift in Sources */ = {isa = PBXBuildFile; fileRef = 486F5E6D1BA24C5C00BA2A57 /* EventDetailViewController.swift */; };
		486F5E781BA3891600BA2A57 /* NutUtils.swift in Sources */ = {isa = PBXBuildFile; fileRef = 486F5E771BA3891600BA2A57 /* NutUtils.swift */; };
/* End PBXBuildFile section */

/* Begin PBXContainerItemProxy section */
		4859FCCD1B9A4DE5000C1269 /* PBXContainerItemProxy */ = {
			isa = PBXContainerItemProxy;
			containerPortal = 4859FCAD1B9A4DE4000C1269 /* Project object */;
			proxyType = 1;
			remoteGlobalIDString = 4859FCB41B9A4DE4000C1269;
			remoteInfo = Nutshell;
		};
		4859FCD81B9A4DE5000C1269 /* PBXContainerItemProxy */ = {
			isa = PBXContainerItemProxy;
			containerPortal = 4859FCAD1B9A4DE4000C1269 /* Project object */;
			proxyType = 1;
			remoteGlobalIDString = 4859FCB41B9A4DE4000C1269;
			remoteInfo = Nutshell;
		};
/* End PBXContainerItemProxy section */

/* Begin PBXFileReference section */
		4837CC641BA71EA400BA2CDE /* NutshellUITextField.swift */ = {isa = PBXFileReference; fileEncoding = 4; lastKnownFileType = sourcecode.swift; lineEnding = 0; name = NutshellUITextField.swift; path = Resources/NutshellUITextField.swift; sourceTree = "<group>"; xcLanguageSpecificationIdentifier = xcode.lang.swift; };
		4837CC661BA730F000BA2CDE /* NutshellUILabel.swift */ = {isa = PBXFileReference; fileEncoding = 4; lastKnownFileType = sourcecode.swift; lineEnding = 0; name = NutshellUILabel.swift; path = Resources/NutshellUILabel.swift; sourceTree = "<group>"; xcLanguageSpecificationIdentifier = xcode.lang.swift; };
		4837CC681BA7394E00BA2CDE /* NutshellUIButton.swift */ = {isa = PBXFileReference; fileEncoding = 4; lastKnownFileType = sourcecode.swift; lineEnding = 0; name = NutshellUIButton.swift; path = Resources/NutshellUIButton.swift; sourceTree = "<group>"; xcLanguageSpecificationIdentifier = xcode.lang.swift; };
		483E3C351B9F4A6300DA49E7 /* BaseUIViewController.swift */ = {isa = PBXFileReference; fileEncoding = 4; lastKnownFileType = sourcecode.swift; name = BaseUIViewController.swift; path = ViewControllers/BaseUIViewController.swift; sourceTree = "<group>"; };
		483E3C381B9F4A9200DA49E7 /* BaseUITableViewController.swift */ = {isa = PBXFileReference; fileEncoding = 4; lastKnownFileType = sourcecode.swift; name = BaseUITableViewController.swift; path = ViewControllers/BaseUITableViewController.swift; sourceTree = "<group>"; };
		483E3C3A1B9F4C9B00DA49E7 /* BaseUITableViewCell.swift */ = {isa = PBXFileReference; fileEncoding = 4; lastKnownFileType = sourcecode.swift; name = BaseUITableViewCell.swift; path = ViewControllers/BaseUITableViewCell.swift; sourceTree = "<group>"; };
		4851C6911BA6281800F8E0EE /* NutshellUIView.swift */ = {isa = PBXFileReference; fileEncoding = 4; lastKnownFileType = sourcecode.swift; lineEnding = 0; name = NutshellUIView.swift; path = Resources/NutshellUIView.swift; sourceTree = "<group>"; xcLanguageSpecificationIdentifier = xcode.lang.swift; };
		4851C6931BA628A500F8E0EE /* UIDesignNotes.rtf */ = {isa = PBXFileReference; lastKnownFileType = text.rtf; name = UIDesignNotes.rtf; path = Resources/UIDesignNotes.rtf; sourceTree = "<group>"; };
		4851C6941BA689FC00F8E0EE /* NutshellUITableView.swift */ = {isa = PBXFileReference; fileEncoding = 4; lastKnownFileType = sourcecode.swift; lineEnding = 0; name = NutshellUITableView.swift; path = Resources/NutshellUITableView.swift; sourceTree = "<group>"; xcLanguageSpecificationIdentifier = xcode.lang.swift; };
		4851C6961BA68C0D00F8E0EE /* NutshellUITableViewCell.swift */ = {isa = PBXFileReference; fileEncoding = 4; lastKnownFileType = sourcecode.swift; lineEnding = 0; name = NutshellUITableViewCell.swift; path = Resources/NutshellUITableViewCell.swift; sourceTree = "<group>"; xcLanguageSpecificationIdentifier = xcode.lang.swift; };
		4859229A1B9A61510056E605 /* Base */ = {isa = PBXFileReference; lastKnownFileType = file.storyboard; name = Base; path = Base.lproj/Login.storyboard; sourceTree = "<group>"; };
		4859229C1B9A61620056E605 /* AddEvent.storyboard */ = {isa = PBXFileReference; fileEncoding = 4; lastKnownFileType = file.storyboard; path = AddEvent.storyboard; sourceTree = "<group>"; };
		4859229E1B9A61920056E605 /* Menu.storyboard */ = {isa = PBXFileReference; fileEncoding = 4; lastKnownFileType = file.storyboard; path = Menu.storyboard; sourceTree = "<group>"; };
		485922A11B9A634E0056E605 /* EventListTableViewController.swift */ = {isa = PBXFileReference; fileEncoding = 4; lastKnownFileType = sourcecode.swift; name = EventListTableViewController.swift; path = ViewControllers/EventListTableViewController.swift; sourceTree = "<group>"; };
		485922A31B9A639B0056E605 /* EventGroupTableViewController.swift */ = {isa = PBXFileReference; fileEncoding = 4; lastKnownFileType = sourcecode.swift; name = EventGroupTableViewController.swift; path = ViewControllers/EventGroupTableViewController.swift; sourceTree = "<group>"; };
		485922A61B9C98420056E605 /* splash_logo@2x.png */ = {isa = PBXFileReference; lastKnownFileType = image.png; name = "splash_logo@2x.png"; path = "Images/splash_logo@2x.png"; sourceTree = "<group>"; };
		485922AD1B9C9BAE0056E605 /* menu-button@2x.png */ = {isa = PBXFileReference; lastKnownFileType = image.png; name = "menu-button@2x.png"; path = "Images/menu-button@2x.png"; sourceTree = "<group>"; };
		485922B31B9C9C430056E605 /* add-button@2x.png */ = {isa = PBXFileReference; lastKnownFileType = image.png; name = "add-button@2x.png"; path = "Images/add-button@2x.png"; sourceTree = "<group>"; };
		485922B91B9C9D860056E605 /* menu-button@3x.png */ = {isa = PBXFileReference; lastKnownFileType = image.png; name = "menu-button@3x.png"; path = "Images/menu-button@3x.png"; sourceTree = "<group>"; };
		485922BC1B9CA13E0056E605 /* MenuTableViewController.swift */ = {isa = PBXFileReference; fileEncoding = 4; lastKnownFileType = sourcecode.swift; name = MenuTableViewController.swift; path = ViewControllers/MenuTableViewController.swift; sourceTree = "<group>"; };
		4859FCB51B9A4DE4000C1269 /* Nutshell.app */ = {isa = PBXFileReference; explicitFileType = wrapper.application; includeInIndex = 0; path = Nutshell.app; sourceTree = BUILT_PRODUCTS_DIR; };
		4859FCB81B9A4DE4000C1269 /* AppDelegate.swift */ = {isa = PBXFileReference; lastKnownFileType = sourcecode.swift; path = AppDelegate.swift; sourceTree = "<group>"; };
		4859FCBD1B9A4DE4000C1269 /* Base */ = {isa = PBXFileReference; lastKnownFileType = file.storyboard; name = Base; path = Base.lproj/EventView.storyboard; sourceTree = "<group>"; };
		4859FCC01B9A4DE4000C1269 /* Nutshell.xcdatamodel */ = {isa = PBXFileReference; lastKnownFileType = wrapper.xcdatamodel; path = Nutshell.xcdatamodel; sourceTree = "<group>"; };
		4859FCC21B9A4DE4000C1269 /* Assets.xcassets */ = {isa = PBXFileReference; lastKnownFileType = folder.assetcatalog; path = Assets.xcassets; sourceTree = "<group>"; };
		4859FCC51B9A4DE4000C1269 /* Base */ = {isa = PBXFileReference; lastKnownFileType = file.storyboard; name = Base; path = Base.lproj/LaunchScreen.storyboard; sourceTree = "<group>"; };
		4859FCC71B9A4DE4000C1269 /* Info.plist */ = {isa = PBXFileReference; lastKnownFileType = text.plist.xml; path = Info.plist; sourceTree = "<group>"; };
		4859FCCC1B9A4DE5000C1269 /* NutshellTests.xctest */ = {isa = PBXFileReference; explicitFileType = wrapper.cfbundle; includeInIndex = 0; path = NutshellTests.xctest; sourceTree = BUILT_PRODUCTS_DIR; };
		4859FCD01B9A4DE5000C1269 /* NutshellTests.swift */ = {isa = PBXFileReference; lastKnownFileType = sourcecode.swift; path = NutshellTests.swift; sourceTree = "<group>"; };
		4859FCD21B9A4DE5000C1269 /* Info.plist */ = {isa = PBXFileReference; lastKnownFileType = text.plist.xml; path = Info.plist; sourceTree = "<group>"; };
		4859FCD71B9A4DE5000C1269 /* NutshellUITests.xctest */ = {isa = PBXFileReference; explicitFileType = wrapper.cfbundle; includeInIndex = 0; path = NutshellUITests.xctest; sourceTree = BUILT_PRODUCTS_DIR; };
		4859FCDB1B9A4DE5000C1269 /* NutshellUITests.swift */ = {isa = PBXFileReference; lastKnownFileType = sourcecode.swift; path = NutshellUITests.swift; sourceTree = "<group>"; };
		4859FCDD1B9A4DE5000C1269 /* Info.plist */ = {isa = PBXFileReference; lastKnownFileType = text.plist.xml; path = Info.plist; sourceTree = "<group>"; };
		486283B31BA48B1500547BE3 /* EventViewStoryboardTypes.swift */ = {isa = PBXFileReference; fileEncoding = 4; lastKnownFileType = sourcecode.swift; name = EventViewStoryboardTypes.swift; path = ViewControllers/EventViewStoryboardTypes.swift; sourceTree = "<group>"; };
		486F5DEE1B9F874A00BA2A57 /* LaBelleAurore.ttf */ = {isa = PBXFileReference; lastKnownFileType = file; name = LaBelleAurore.ttf; path = Resources/LaBelleAurore.ttf; sourceTree = "<group>"; };
		486F5DEF1B9F874A00BA2A57 /* OpenSans-Bold.ttf */ = {isa = PBXFileReference; lastKnownFileType = file; name = "OpenSans-Bold.ttf"; path = "Resources/OpenSans-Bold.ttf"; sourceTree = "<group>"; };
		486F5DF01B9F874A00BA2A57 /* OpenSans-Regular.ttf */ = {isa = PBXFileReference; lastKnownFileType = file; name = "OpenSans-Regular.ttf"; path = "Resources/OpenSans-Regular.ttf"; sourceTree = "<group>"; };
		486F5DF11B9F874A00BA2A57 /* OpenSans-Semibold.ttf */ = {isa = PBXFileReference; lastKnownFileType = file; name = "OpenSans-Semibold.ttf"; path = "Resources/OpenSans-Semibold.ttf"; sourceTree = "<group>"; };
		486F5E041B9FA7A800BA2A57 /* ConstantsAndStyle.swift */ = {isa = PBXFileReference; fileEncoding = 4; lastKnownFileType = sourcecode.swift; name = ConstantsAndStyle.swift; path = Resources/ConstantsAndStyle.swift; sourceTree = "<group>"; };
		486F5E081B9FB1C600BA2A57 /* NutshellStyles.swift */ = {isa = PBXFileReference; fileEncoding = 4; lastKnownFileType = sourcecode.swift; lineEnding = 0; name = NutshellStyles.swift; path = Resources/NutshellStyles.swift; sourceTree = "<group>"; xcLanguageSpecificationIdentifier = xcode.lang.swift; };
		486F5E101BA08DE900BA2A57 /* LoginViewController.swift */ = {isa = PBXFileReference; fileEncoding = 4; lastKnownFileType = sourcecode.swift; name = LoginViewController.swift; path = ViewControllers/LoginViewController.swift; sourceTree = "<group>"; };
		486F5E141BA0908900BA2A57 /* login_logo@2x.png */ = {isa = PBXFileReference; lastKnownFileType = image.png; name = "login_logo@2x.png"; path = "Images/login_logo@2x.png"; sourceTree = "<group>"; };
		486F5E181BA0AA5D00BA2A57 /* checked@2x.png */ = {isa = PBXFileReference; lastKnownFileType = image.png; path = "checked@2x.png"; sourceTree = "<group>"; };
		486F5E191BA0AA5D00BA2A57 /* unchecked@2x.png */ = {isa = PBXFileReference; lastKnownFileType = image.png; path = "unchecked@2x.png"; sourceTree = "<group>"; };
		486F5E231BA0DC1000BA2A57 /* APIConnect.swift */ = {isa = PBXFileReference; fileEncoding = 4; lastKnownFileType = sourcecode.swift; name = APIConnect.swift; path = ServiceInterface/APIConnect.swift; sourceTree = "<group>"; };
		486F5E291BA0DC6700BA2A57 /* NutEvent.swift */ = {isa = PBXFileReference; fileEncoding = 4; lastKnownFileType = sourcecode.swift; name = NutEvent.swift; path = DataModel/NutEvent.swift; sourceTree = "<group>"; };
		486F5E391BA0E53600BA2A57 /* UIDateFormatterExtension.swift */ = {isa = PBXFileReference; fileEncoding = 4; lastKnownFileType = sourcecode.swift; name = UIDateFormatterExtension.swift; path = "Utilities and Extensions/UIDateFormatterExtension.swift"; sourceTree = "<group>"; };
		486F5E431BA1CABF00BA2A57 /* NutEventList.swift */ = {isa = PBXFileReference; fileEncoding = 4; lastKnownFileType = sourcecode.swift; name = NutEventList.swift; path = DataModel/NutEventList.swift; sourceTree = "<group>"; };
		486F5E4B1BA1CEE100BA2A57 /* WorkoutEventList.swift */ = {isa = PBXFileReference; fileEncoding = 4; lastKnownFileType = sourcecode.swift; name = WorkoutEventList.swift; path = DataModel/WorkoutEventList.swift; sourceTree = "<group>"; };
		486F5E4F1BA1CEF400BA2A57 /* WorkoutEvent.swift */ = {isa = PBXFileReference; fileEncoding = 4; lastKnownFileType = sourcecode.swift; name = WorkoutEvent.swift; path = DataModel/WorkoutEvent.swift; sourceTree = "<group>"; };
		486F5E531BA1D02900BA2A57 /* GlucoseReadings.swift */ = {isa = PBXFileReference; fileEncoding = 4; lastKnownFileType = sourcecode.swift; name = GlucoseReadings.swift; path = DataModel/GlucoseReadings.swift; sourceTree = "<group>"; };
		486F5E571BA1D0CC00BA2A57 /* InsulinInputs.swift */ = {isa = PBXFileReference; fileEncoding = 4; lastKnownFileType = sourcecode.swift; name = InsulinInputs.swift; path = DataModel/InsulinInputs.swift; sourceTree = "<group>"; };
		486F5E5F1BA1EBE100BA2A57 /* EventListTableViewCell.swift */ = {isa = PBXFileReference; fileEncoding = 4; lastKnownFileType = sourcecode.swift; name = EventListTableViewCell.swift; path = ViewControllers/EventListTableViewCell.swift; sourceTree = "<group>"; };
		486F5E631BA1F20600BA2A57 /* NutEventItem.swift */ = {isa = PBXFileReference; fileEncoding = 4; lastKnownFileType = sourcecode.swift; name = NutEventItem.swift; path = DataModel/NutEventItem.swift; sourceTree = "<group>"; };
		486F5E6B1BA24B7F00BA2A57 /* EventGroupTableViewCell.swift */ = {isa = PBXFileReference; fileEncoding = 4; lastKnownFileType = sourcecode.swift; name = EventGroupTableViewCell.swift; path = ViewControllers/EventGroupTableViewCell.swift; sourceTree = "<group>"; };
		486F5E6D1BA24C5C00BA2A57 /* EventDetailViewController.swift */ = {isa = PBXFileReference; fileEncoding = 4; lastKnownFileType = sourcecode.swift; name = EventDetailViewController.swift; path = ViewControllers/EventDetailViewController.swift; sourceTree = "<group>"; };
		486F5E751BA35CD800BA2A57 /* LICENSE */ = {isa = PBXFileReference; fileEncoding = 4; lastKnownFileType = text; path = LICENSE; sourceTree = "<group>"; };
		486F5E771BA3891600BA2A57 /* NutUtils.swift */ = {isa = PBXFileReference; fileEncoding = 4; lastKnownFileType = sourcecode.swift; name = NutUtils.swift; path = "Utilities and Extensions/NutUtils.swift"; sourceTree = "<group>"; };
/* End PBXFileReference section */

/* Begin PBXFrameworksBuildPhase section */
		4859FCB21B9A4DE4000C1269 /* Frameworks */ = {
			isa = PBXFrameworksBuildPhase;
			buildActionMask = 2147483647;
			files = (
			);
			runOnlyForDeploymentPostprocessing = 0;
		};
		4859FCC91B9A4DE5000C1269 /* Frameworks */ = {
			isa = PBXFrameworksBuildPhase;
			buildActionMask = 2147483647;
			files = (
			);
			runOnlyForDeploymentPostprocessing = 0;
		};
		4859FCD41B9A4DE5000C1269 /* Frameworks */ = {
			isa = PBXFrameworksBuildPhase;
			buildActionMask = 2147483647;
			files = (
			);
			runOnlyForDeploymentPostprocessing = 0;
		};
/* End PBXFrameworksBuildPhase section */

/* Begin PBXGroup section */
		483E3C331B9F4A3000DA49E7 /* LoginViewControllers */ = {
			isa = PBXGroup;
			children = (
				485922991B9A61510056E605 /* Login.storyboard */,
				486F5E101BA08DE900BA2A57 /* LoginViewController.swift */,
			);
			name = LoginViewControllers;
			sourceTree = "<group>";
		};
		483E3C341B9F4A3B00DA49E7 /* AddEventViewControllers */ = {
			isa = PBXGroup;
			children = (
				4859229C1B9A61620056E605 /* AddEvent.storyboard */,
			);
			name = AddEventViewControllers;
			sourceTree = "<group>";
		};
		483E3C371B9F4A7400DA49E7 /* BaseViewControllers */ = {
			isa = PBXGroup;
			children = (
				483E3C351B9F4A6300DA49E7 /* BaseUIViewController.swift */,
				483E3C381B9F4A9200DA49E7 /* BaseUITableViewController.swift */,
				483E3C3A1B9F4C9B00DA49E7 /* BaseUITableViewCell.swift */,
			);
			name = BaseViewControllers;
			sourceTree = "<group>";
		};
		485922A01B9A62AB0056E605 /* EventViewControllers */ = {
			isa = PBXGroup;
			children = (
				4859FCBC1B9A4DE4000C1269 /* EventView.storyboard */,
				486283B31BA48B1500547BE3 /* EventViewStoryboardTypes.swift */,
				485922A11B9A634E0056E605 /* EventListTableViewController.swift */,
				485922A31B9A639B0056E605 /* EventGroupTableViewController.swift */,
				486F5E5F1BA1EBE100BA2A57 /* EventListTableViewCell.swift */,
				486F5E6B1BA24B7F00BA2A57 /* EventGroupTableViewCell.swift */,
				486F5E6D1BA24C5C00BA2A57 /* EventDetailViewController.swift */,
			);
			name = EventViewControllers;
			sourceTree = "<group>";
		};
		485922A51B9C982D0056E605 /* Images */ = {
			isa = PBXGroup;
			children = (
				486F5E181BA0AA5D00BA2A57 /* checked@2x.png */,
				486F5E191BA0AA5D00BA2A57 /* unchecked@2x.png */,
				486F5E141BA0908900BA2A57 /* login_logo@2x.png */,
				485922B91B9C9D860056E605 /* menu-button@3x.png */,
				485922B31B9C9C430056E605 /* add-button@2x.png */,
				485922AD1B9C9BAE0056E605 /* menu-button@2x.png */,
				485922A61B9C98420056E605 /* splash_logo@2x.png */,
			);
			name = Images;
			sourceTree = "<group>";
		};
		485922BB1B9CA0890056E605 /* MenuViewControllers */ = {
			isa = PBXGroup;
			children = (
				4859229E1B9A61920056E605 /* Menu.storyboard */,
				485922BC1B9CA13E0056E605 /* MenuTableViewController.swift */,
			);
			name = MenuViewControllers;
			sourceTree = "<group>";
		};
		4859FCAC1B9A4DE4000C1269 = {
			isa = PBXGroup;
			children = (
				486F5E751BA35CD800BA2A57 /* LICENSE */,
				4859FCB71B9A4DE4000C1269 /* Nutshell */,
				4859FCCF1B9A4DE5000C1269 /* NutshellTests */,
				4859FCDA1B9A4DE5000C1269 /* NutshellUITests */,
				4859FCB61B9A4DE4000C1269 /* Products */,
			);
			sourceTree = "<group>";
		};
		4859FCB61B9A4DE4000C1269 /* Products */ = {
			isa = PBXGroup;
			children = (
				4859FCB51B9A4DE4000C1269 /* Nutshell.app */,
				4859FCCC1B9A4DE5000C1269 /* NutshellTests.xctest */,
				4859FCD71B9A4DE5000C1269 /* NutshellUITests.xctest */,
			);
			name = Products;
			sourceTree = "<group>";
		};
		4859FCB71B9A4DE4000C1269 /* Nutshell */ = {
			isa = PBXGroup;
			children = (
				4859FCB81B9A4DE4000C1269 /* AppDelegate.swift */,
				4859FCC41B9A4DE4000C1269 /* LaunchScreen.storyboard */,
				4859FCBF1B9A4DE4000C1269 /* Nutshell.xcdatamodeld */,
				486F5E1C1BA0D85900BA2A57 /* Service */,
				486F5E221BA0DB7400BA2A57 /* DataModel */,
				486F5DFE1B9F876300BA2A57 /* View Controllers */,
				486F5E381BA0E51F00BA2A57 /* Extensions */,
				486F5DED1B9F86E800BA2A57 /* Resources and UI */,
			);
			path = Nutshell;
			sourceTree = "<group>";
		};
		4859FCCF1B9A4DE5000C1269 /* NutshellTests */ = {
			isa = PBXGroup;
			children = (
				4859FCD01B9A4DE5000C1269 /* NutshellTests.swift */,
				4859FCD21B9A4DE5000C1269 /* Info.plist */,
			);
			path = NutshellTests;
			sourceTree = "<group>";
		};
		4859FCDA1B9A4DE5000C1269 /* NutshellUITests */ = {
			isa = PBXGroup;
			children = (
				4859FCDB1B9A4DE5000C1269 /* NutshellUITests.swift */,
				4859FCDD1B9A4DE5000C1269 /* Info.plist */,
			);
			path = NutshellUITests;
			sourceTree = "<group>";
		};
		486F5DED1B9F86E800BA2A57 /* Resources and UI */ = {
			isa = PBXGroup;
			children = (
				4851C6931BA628A500F8E0EE /* UIDesignNotes.rtf */,
				486F5E081B9FB1C600BA2A57 /* NutshellStyles.swift */,
				4851C6911BA6281800F8E0EE /* NutshellUIView.swift */,
				4851C6941BA689FC00F8E0EE /* NutshellUITableView.swift */,
				4851C6961BA68C0D00F8E0EE /* NutshellUITableViewCell.swift */,
				4837CC641BA71EA400BA2CDE /* NutshellUITextField.swift */,
				4837CC661BA730F000BA2CDE /* NutshellUILabel.swift */,
				4837CC681BA7394E00BA2CDE /* NutshellUIButton.swift */,
				486F5E041B9FA7A800BA2A57 /* ConstantsAndStyle.swift */,
				4859FCC71B9A4DE4000C1269 /* Info.plist */,
				4859FCC21B9A4DE4000C1269 /* Assets.xcassets */,
				485922A51B9C982D0056E605 /* Images */,
				486F5DFF1B9F87AC00BA2A57 /* Fonts */,
			);
			name = "Resources and UI";
			sourceTree = "<group>";
		};
		486F5DFE1B9F876300BA2A57 /* View Controllers */ = {
			isa = PBXGroup;
			children = (
				483E3C371B9F4A7400DA49E7 /* BaseViewControllers */,
				485922A01B9A62AB0056E605 /* EventViewControllers */,
				483E3C331B9F4A3000DA49E7 /* LoginViewControllers */,
				483E3C341B9F4A3B00DA49E7 /* AddEventViewControllers */,
				485922BB1B9CA0890056E605 /* MenuViewControllers */,
			);
			name = "View Controllers";
			sourceTree = "<group>";
		};
		486F5DFF1B9F87AC00BA2A57 /* Fonts */ = {
			isa = PBXGroup;
			children = (
				486F5DEE1B9F874A00BA2A57 /* LaBelleAurore.ttf */,
				486F5DEF1B9F874A00BA2A57 /* OpenSans-Bold.ttf */,
				486F5DF01B9F874A00BA2A57 /* OpenSans-Regular.ttf */,
				486F5DF11B9F874A00BA2A57 /* OpenSans-Semibold.ttf */,
			);
			name = Fonts;
			sourceTree = "<group>";
		};
		486F5E1C1BA0D85900BA2A57 /* Service */ = {
			isa = PBXGroup;
			children = (
				486F5E231BA0DC1000BA2A57 /* APIConnect.swift */,
			);
			name = Service;
			sourceTree = "<group>";
		};
		486F5E221BA0DB7400BA2A57 /* DataModel */ = {
			isa = PBXGroup;
			children = (
				486F5E431BA1CABF00BA2A57 /* NutEventList.swift */,
				486F5E291BA0DC6700BA2A57 /* NutEvent.swift */,
				486F5E631BA1F20600BA2A57 /* NutEventItem.swift */,
				486F5E4B1BA1CEE100BA2A57 /* WorkoutEventList.swift */,
				486F5E4F1BA1CEF400BA2A57 /* WorkoutEvent.swift */,
				486F5E531BA1D02900BA2A57 /* GlucoseReadings.swift */,
				486F5E571BA1D0CC00BA2A57 /* InsulinInputs.swift */,
			);
			name = DataModel;
			sourceTree = "<group>";
		};
		486F5E381BA0E51F00BA2A57 /* Extensions */ = {
			isa = PBXGroup;
			children = (
				486F5E391BA0E53600BA2A57 /* UIDateFormatterExtension.swift */,
				486F5E771BA3891600BA2A57 /* NutUtils.swift */,
			);
			name = Extensions;
			sourceTree = "<group>";
		};
/* End PBXGroup section */

/* Begin PBXNativeTarget section */
		4859FCB41B9A4DE4000C1269 /* Nutshell */ = {
			isa = PBXNativeTarget;
			buildConfigurationList = 4859FCE01B9A4DE5000C1269 /* Build configuration list for PBXNativeTarget "Nutshell" */;
			buildPhases = (
				4859FCB11B9A4DE4000C1269 /* Sources */,
				4859FCB21B9A4DE4000C1269 /* Frameworks */,
				4859FCB31B9A4DE4000C1269 /* Resources */,
			);
			buildRules = (
			);
			dependencies = (
			);
			name = Nutshell;
			productName = Nutshell;
			productReference = 4859FCB51B9A4DE4000C1269 /* Nutshell.app */;
			productType = "com.apple.product-type.application";
		};
		4859FCCB1B9A4DE5000C1269 /* NutshellTests */ = {
			isa = PBXNativeTarget;
			buildConfigurationList = 4859FCE31B9A4DE5000C1269 /* Build configuration list for PBXNativeTarget "NutshellTests" */;
			buildPhases = (
				4859FCC81B9A4DE5000C1269 /* Sources */,
				4859FCC91B9A4DE5000C1269 /* Frameworks */,
				4859FCCA1B9A4DE5000C1269 /* Resources */,
			);
			buildRules = (
			);
			dependencies = (
				4859FCCE1B9A4DE5000C1269 /* PBXTargetDependency */,
			);
			name = NutshellTests;
			productName = NutshellTests;
			productReference = 4859FCCC1B9A4DE5000C1269 /* NutshellTests.xctest */;
			productType = "com.apple.product-type.bundle.unit-test";
		};
		4859FCD61B9A4DE5000C1269 /* NutshellUITests */ = {
			isa = PBXNativeTarget;
			buildConfigurationList = 4859FCE61B9A4DE5000C1269 /* Build configuration list for PBXNativeTarget "NutshellUITests" */;
			buildPhases = (
				4859FCD31B9A4DE5000C1269 /* Sources */,
				4859FCD41B9A4DE5000C1269 /* Frameworks */,
				4859FCD51B9A4DE5000C1269 /* Resources */,
			);
			buildRules = (
			);
			dependencies = (
				4859FCD91B9A4DE5000C1269 /* PBXTargetDependency */,
			);
			name = NutshellUITests;
			productName = NutshellUITests;
			productReference = 4859FCD71B9A4DE5000C1269 /* NutshellUITests.xctest */;
			productType = "com.apple.product-type.bundle.ui-testing";
		};
/* End PBXNativeTarget section */

/* Begin PBXProject section */
		4859FCAD1B9A4DE4000C1269 /* Project object */ = {
			isa = PBXProject;
			attributes = {
				LastUpgradeCheck = 0700;
				ORGANIZATIONNAME = Tidepool;
				TargetAttributes = {
					4859FCB41B9A4DE4000C1269 = {
						CreatedOnToolsVersion = 7.0;
					};
					4859FCCB1B9A4DE5000C1269 = {
						CreatedOnToolsVersion = 7.0;
						TestTargetID = 4859FCB41B9A4DE4000C1269;
					};
					4859FCD61B9A4DE5000C1269 = {
						CreatedOnToolsVersion = 7.0;
						TestTargetID = 4859FCB41B9A4DE4000C1269;
					};
				};
			};
			buildConfigurationList = 4859FCB01B9A4DE4000C1269 /* Build configuration list for PBXProject "Nutshell" */;
			compatibilityVersion = "Xcode 3.2";
			developmentRegion = English;
			hasScannedForEncodings = 0;
			knownRegions = (
				en,
				Base,
			);
			mainGroup = 4859FCAC1B9A4DE4000C1269;
			productRefGroup = 4859FCB61B9A4DE4000C1269 /* Products */;
			projectDirPath = "";
			projectRoot = "";
			targets = (
				4859FCB41B9A4DE4000C1269 /* Nutshell */,
				4859FCCB1B9A4DE5000C1269 /* NutshellTests */,
				4859FCD61B9A4DE5000C1269 /* NutshellUITests */,
			);
		};
/* End PBXProject section */

/* Begin PBXResourcesBuildPhase section */
		4859FCB31B9A4DE4000C1269 /* Resources */ = {
			isa = PBXResourcesBuildPhase;
			buildActionMask = 2147483647;
			files = (
				486F5DF21B9F874A00BA2A57 /* LaBelleAurore.ttf in Resources */,
				4859229D1B9A61620056E605 /* AddEvent.storyboard in Resources */,
				486F5E1A1BA0AA5D00BA2A57 /* checked@2x.png in Resources */,
				485922A81B9C98420056E605 /* splash_logo@2x.png in Resources */,
				4859229B1B9A61510056E605 /* Login.storyboard in Resources */,
				486F5DFB1B9F874A00BA2A57 /* OpenSans-Semibold.ttf in Resources */,
				486F5E151BA0908900BA2A57 /* login_logo@2x.png in Resources */,
				485922BA1B9C9D860056E605 /* menu-button@3x.png in Resources */,
				485922B61B9C9C430056E605 /* add-button@2x.png in Resources */,
				4859FCC61B9A4DE4000C1269 /* LaunchScreen.storyboard in Resources */,
				486F5DF51B9F874A00BA2A57 /* OpenSans-Bold.ttf in Resources */,
				4859229F1B9A61920056E605 /* Menu.storyboard in Resources */,
				486F5DF81B9F874A00BA2A57 /* OpenSans-Regular.ttf in Resources */,
				485922B01B9C9BAE0056E605 /* menu-button@2x.png in Resources */,
				4859FCC31B9A4DE4000C1269 /* Assets.xcassets in Resources */,
				486F5E1B1BA0AA5D00BA2A57 /* unchecked@2x.png in Resources */,
				4859FCBE1B9A4DE4000C1269 /* EventView.storyboard in Resources */,
			);
			runOnlyForDeploymentPostprocessing = 0;
		};
		4859FCCA1B9A4DE5000C1269 /* Resources */ = {
			isa = PBXResourcesBuildPhase;
			buildActionMask = 2147483647;
			files = (
				486F5E161BA0908900BA2A57 /* login_logo@2x.png in Resources */,
			);
			runOnlyForDeploymentPostprocessing = 0;
		};
		4859FCD51B9A4DE5000C1269 /* Resources */ = {
			isa = PBXResourcesBuildPhase;
			buildActionMask = 2147483647;
			files = (
				486F5E171BA0908900BA2A57 /* login_logo@2x.png in Resources */,
			);
			runOnlyForDeploymentPostprocessing = 0;
		};
/* End PBXResourcesBuildPhase section */

/* Begin PBXSourcesBuildPhase section */
		4859FCB11B9A4DE4000C1269 /* Sources */ = {
			isa = PBXSourcesBuildPhase;
			buildActionMask = 2147483647;
			files = (
				486F5E051B9FA7A800BA2A57 /* ConstantsAndStyle.swift in Sources */,
				4859FCC11B9A4DE4000C1269 /* Nutshell.xcdatamodeld in Sources */,
				4851C6951BA689FC00F8E0EE /* NutshellUITableView.swift in Sources */,
				485922BD1B9CA13E0056E605 /* MenuTableViewController.swift in Sources */,
				4851C6971BA68C0D00F8E0EE /* NutshellUITableViewCell.swift in Sources */,
				4837CC671BA730F000BA2CDE /* NutshellUILabel.swift in Sources */,
				486283B41BA48B1500547BE3 /* EventViewStoryboardTypes.swift in Sources */,
				486F5E091B9FB1C600BA2A57 /* NutshellStyles.swift in Sources */,
				486F5E6C1BA24B7F00BA2A57 /* EventGroupTableViewCell.swift in Sources */,
				485922A41B9A639B0056E605 /* EventGroupTableViewController.swift in Sources */,
				486F5E3A1BA0E53600BA2A57 /* UIDateFormatterExtension.swift in Sources */,
				486F5E781BA3891600BA2A57 /* NutUtils.swift in Sources */,
				485922A21B9A634E0056E605 /* EventListTableViewController.swift in Sources */,
				483E3C361B9F4A6300DA49E7 /* BaseUIViewController.swift in Sources */,
				486F5E441BA1CABF00BA2A57 /* NutEventList.swift in Sources */,
				4837CC691BA7394E00BA2CDE /* NutshellUIButton.swift in Sources */,
				486F5E501BA1CEF400BA2A57 /* WorkoutEvent.swift in Sources */,
				486F5E581BA1D0CC00BA2A57 /* InsulinInputs.swift in Sources */,
				4859FCB91B9A4DE4000C1269 /* AppDelegate.swift in Sources */,
				486F5E6E1BA24C5C00BA2A57 /* EventDetailViewController.swift in Sources */,
				486F5E2B1BA0DC6700BA2A57 /* NutEvent.swift in Sources */,
				483E3C391B9F4A9200DA49E7 /* BaseUITableViewController.swift in Sources */,
				483E3C3B1B9F4C9B00DA49E7 /* BaseUITableViewCell.swift in Sources */,
				486F5E541BA1D02900BA2A57 /* GlucoseReadings.swift in Sources */,
				486F5E4C1BA1CEE100BA2A57 /* WorkoutEventList.swift in Sources */,
				486F5E111BA08DE900BA2A57 /* LoginViewController.swift in Sources */,
				486F5E641BA1F20600BA2A57 /* NutEventItem.swift in Sources */,
				486F5E241BA0DC1000BA2A57 /* APIConnect.swift in Sources */,
				486F5E601BA1EBE100BA2A57 /* EventListTableViewCell.swift in Sources */,
				4851C6921BA6281800F8E0EE /* NutshellUIView.swift in Sources */,
				4837CC651BA71EA400BA2CDE /* NutshellUITextField.swift in Sources */,
			);
			runOnlyForDeploymentPostprocessing = 0;
		};
		4859FCC81B9A4DE5000C1269 /* Sources */ = {
			isa = PBXSourcesBuildPhase;
			buildActionMask = 2147483647;
			files = (
				486F5E251BA0DC1000BA2A57 /* APIConnect.swift in Sources */,
				486F5E2C1BA0DC6700BA2A57 /* NutEvent.swift in Sources */,
				486F5E4D1BA1CEE100BA2A57 /* WorkoutEventList.swift in Sources */,
				486F5E691BA2029200BA2A57 /* BaseUITableViewCell.swift in Sources */,
				486F5E651BA1F20600BA2A57 /* NutEventItem.swift in Sources */,
				486F5E671BA1FE2A00BA2A57 /* BaseUIViewController.swift in Sources */,
				4859FCD11B9A4DE5000C1269 /* NutshellTests.swift in Sources */,
				486F5E3B1BA0E53600BA2A57 /* UIDateFormatterExtension.swift in Sources */,
				486F5E451BA1CABF00BA2A57 /* NutEventList.swift in Sources */,
				486F5E511BA1CEF400BA2A57 /* WorkoutEvent.swift in Sources */,
				486F5E591BA1D0CC00BA2A57 /* InsulinInputs.swift in Sources */,
				486F5E551BA1D02900BA2A57 /* GlucoseReadings.swift in Sources */,
				486283AD1BA398A800547BE3 /* AppDelegate.swift in Sources */,
				486F5E061B9FA7A800BA2A57 /* ConstantsAndStyle.swift in Sources */,
			);
			runOnlyForDeploymentPostprocessing = 0;
		};
		4859FCD31B9A4DE5000C1269 /* Sources */ = {
			isa = PBXSourcesBuildPhase;
			buildActionMask = 2147483647;
			files = (
				486F5E681BA1FE2A00BA2A57 /* BaseUIViewController.swift in Sources */,
				486F5E461BA1CABF00BA2A57 /* NutEventList.swift in Sources */,
				486F5E661BA1F20600BA2A57 /* NutEventItem.swift in Sources */,
				486F5E6A1BA2029200BA2A57 /* BaseUITableViewCell.swift in Sources */,
				486283AC1BA396AE00547BE3 /* APIConnect.swift in Sources */,
				486F5E521BA1CEF400BA2A57 /* WorkoutEvent.swift in Sources */,
				486F5E4E1BA1CEE100BA2A57 /* WorkoutEventList.swift in Sources */,
				486283AE1BA398A800547BE3 /* AppDelegate.swift in Sources */,
				486F5E3C1BA0E53600BA2A57 /* UIDateFormatterExtension.swift in Sources */,
				4859FCDC1B9A4DE5000C1269 /* NutshellUITests.swift in Sources */,
				486F5E5A1BA1D0CC00BA2A57 /* InsulinInputs.swift in Sources */,
				486F5E561BA1D02900BA2A57 /* GlucoseReadings.swift in Sources */,
				486F5E071B9FA7A800BA2A57 /* ConstantsAndStyle.swift in Sources */,
			);
			runOnlyForDeploymentPostprocessing = 0;
		};
/* End PBXSourcesBuildPhase section */

/* Begin PBXTargetDependency section */
		4859FCCE1B9A4DE5000C1269 /* PBXTargetDependency */ = {
			isa = PBXTargetDependency;
			target = 4859FCB41B9A4DE4000C1269 /* Nutshell */;
			targetProxy = 4859FCCD1B9A4DE5000C1269 /* PBXContainerItemProxy */;
		};
		4859FCD91B9A4DE5000C1269 /* PBXTargetDependency */ = {
			isa = PBXTargetDependency;
			target = 4859FCB41B9A4DE4000C1269 /* Nutshell */;
			targetProxy = 4859FCD81B9A4DE5000C1269 /* PBXContainerItemProxy */;
		};
/* End PBXTargetDependency section */

/* Begin PBXVariantGroup section */
		485922991B9A61510056E605 /* Login.storyboard */ = {
			isa = PBXVariantGroup;
			children = (
				4859229A1B9A61510056E605 /* Base */,
			);
			name = Login.storyboard;
			sourceTree = "<group>";
		};
		4859FCBC1B9A4DE4000C1269 /* EventView.storyboard */ = {
			isa = PBXVariantGroup;
			children = (
				4859FCBD1B9A4DE4000C1269 /* Base */,
			);
			name = EventView.storyboard;
			sourceTree = "<group>";
		};
		4859FCC41B9A4DE4000C1269 /* LaunchScreen.storyboard */ = {
			isa = PBXVariantGroup;
			children = (
				4859FCC51B9A4DE4000C1269 /* Base */,
			);
			name = LaunchScreen.storyboard;
			sourceTree = "<group>";
		};
/* End PBXVariantGroup section */

/* Begin XCBuildConfiguration section */
		4859FCDE1B9A4DE5000C1269 /* Debug */ = {
			isa = XCBuildConfiguration;
			buildSettings = {
				ALWAYS_SEARCH_USER_PATHS = NO;
				CLANG_CXX_LANGUAGE_STANDARD = "gnu++0x";
				CLANG_CXX_LIBRARY = "libc++";
				CLANG_ENABLE_MODULES = YES;
				CLANG_ENABLE_OBJC_ARC = YES;
				CLANG_WARN_BOOL_CONVERSION = YES;
				CLANG_WARN_CONSTANT_CONVERSION = YES;
				CLANG_WARN_DIRECT_OBJC_ISA_USAGE = YES_ERROR;
				CLANG_WARN_EMPTY_BODY = YES;
				CLANG_WARN_ENUM_CONVERSION = YES;
				CLANG_WARN_INT_CONVERSION = YES;
				CLANG_WARN_OBJC_ROOT_CLASS = YES_ERROR;
				CLANG_WARN_UNREACHABLE_CODE = YES;
				CLANG_WARN__DUPLICATE_METHOD_MATCH = YES;
				"CODE_SIGN_IDENTITY[sdk=iphoneos*]" = "iPhone Developer";
				COPY_PHASE_STRIP = NO;
				DEBUG_INFORMATION_FORMAT = dwarf;
				ENABLE_STRICT_OBJC_MSGSEND = YES;
				ENABLE_TESTABILITY = YES;
				GCC_C_LANGUAGE_STANDARD = gnu99;
				GCC_DYNAMIC_NO_PIC = NO;
				GCC_NO_COMMON_BLOCKS = YES;
				GCC_OPTIMIZATION_LEVEL = 0;
				GCC_PREPROCESSOR_DEFINITIONS = (
					"DEBUG=1",
					"$(inherited)",
				);
				GCC_WARN_64_TO_32_BIT_CONVERSION = YES;
				GCC_WARN_ABOUT_RETURN_TYPE = YES_ERROR;
				GCC_WARN_UNDECLARED_SELECTOR = YES;
				GCC_WARN_UNINITIALIZED_AUTOS = YES_AGGRESSIVE;
				GCC_WARN_UNUSED_FUNCTION = YES;
				GCC_WARN_UNUSED_VARIABLE = YES;
				IPHONEOS_DEPLOYMENT_TARGET = 8.1;
				MTL_ENABLE_DEBUG_INFO = YES;
				ONLY_ACTIVE_ARCH = YES;
				SDKROOT = iphoneos;
				SWIFT_OPTIMIZATION_LEVEL = "-Onone";
				TARGETED_DEVICE_FAMILY = "1,2";
			};
			name = Debug;
		};
		4859FCDF1B9A4DE5000C1269 /* Release */ = {
			isa = XCBuildConfiguration;
			buildSettings = {
				ALWAYS_SEARCH_USER_PATHS = NO;
				CLANG_CXX_LANGUAGE_STANDARD = "gnu++0x";
				CLANG_CXX_LIBRARY = "libc++";
				CLANG_ENABLE_MODULES = YES;
				CLANG_ENABLE_OBJC_ARC = YES;
				CLANG_WARN_BOOL_CONVERSION = YES;
				CLANG_WARN_CONSTANT_CONVERSION = YES;
				CLANG_WARN_DIRECT_OBJC_ISA_USAGE = YES_ERROR;
				CLANG_WARN_EMPTY_BODY = YES;
				CLANG_WARN_ENUM_CONVERSION = YES;
				CLANG_WARN_INT_CONVERSION = YES;
				CLANG_WARN_OBJC_ROOT_CLASS = YES_ERROR;
				CLANG_WARN_UNREACHABLE_CODE = YES;
				CLANG_WARN__DUPLICATE_METHOD_MATCH = YES;
				"CODE_SIGN_IDENTITY[sdk=iphoneos*]" = "iPhone Developer";
				COPY_PHASE_STRIP = NO;
				DEBUG_INFORMATION_FORMAT = "dwarf-with-dsym";
				ENABLE_NS_ASSERTIONS = NO;
				ENABLE_STRICT_OBJC_MSGSEND = YES;
				GCC_C_LANGUAGE_STANDARD = gnu99;
				GCC_NO_COMMON_BLOCKS = YES;
				GCC_WARN_64_TO_32_BIT_CONVERSION = YES;
				GCC_WARN_ABOUT_RETURN_TYPE = YES_ERROR;
				GCC_WARN_UNDECLARED_SELECTOR = YES;
				GCC_WARN_UNINITIALIZED_AUTOS = YES_AGGRESSIVE;
				GCC_WARN_UNUSED_FUNCTION = YES;
				GCC_WARN_UNUSED_VARIABLE = YES;
				IPHONEOS_DEPLOYMENT_TARGET = 8.1;
				MTL_ENABLE_DEBUG_INFO = NO;
				SDKROOT = iphoneos;
				TARGETED_DEVICE_FAMILY = "1,2";
				VALIDATE_PRODUCT = YES;
			};
			name = Release;
		};
		4859FCE11B9A4DE5000C1269 /* Debug */ = {
			isa = XCBuildConfiguration;
			buildSettings = {
				ASSETCATALOG_COMPILER_APPICON_NAME = AppIcon;
				INFOPLIST_FILE = Nutshell/Info.plist;
				IPHONEOS_DEPLOYMENT_TARGET = 8.1;
				LD_RUNPATH_SEARCH_PATHS = "$(inherited) @executable_path/Frameworks";
				PRODUCT_BUNDLE_IDENTIFIER = org.tidepool.Nutshell;
				PRODUCT_NAME = "$(TARGET_NAME)";
			};
			name = Debug;
		};
		4859FCE21B9A4DE5000C1269 /* Release */ = {
			isa = XCBuildConfiguration;
			buildSettings = {
				ASSETCATALOG_COMPILER_APPICON_NAME = AppIcon;
				INFOPLIST_FILE = Nutshell/Info.plist;
				IPHONEOS_DEPLOYMENT_TARGET = 8.1;
				LD_RUNPATH_SEARCH_PATHS = "$(inherited) @executable_path/Frameworks";
				PRODUCT_BUNDLE_IDENTIFIER = org.tidepool.Nutshell;
				PRODUCT_NAME = "$(TARGET_NAME)";
			};
			name = Release;
		};
		4859FCE41B9A4DE5000C1269 /* Debug */ = {
			isa = XCBuildConfiguration;
			buildSettings = {
				BUNDLE_LOADER = "$(TEST_HOST)";
				INFOPLIST_FILE = NutshellTests/Info.plist;
				LD_RUNPATH_SEARCH_PATHS = "$(inherited) @executable_path/Frameworks @loader_path/Frameworks";
				PRODUCT_BUNDLE_IDENTIFIER = org.tidepool.NutshellTests;
				PRODUCT_NAME = "$(TARGET_NAME)";
				TEST_HOST = "$(BUILT_PRODUCTS_DIR)/Nutshell.app/Nutshell";
			};
			name = Debug;
		};
		4859FCE51B9A4DE5000C1269 /* Release */ = {
			isa = XCBuildConfiguration;
			buildSettings = {
				BUNDLE_LOADER = "$(TEST_HOST)";
				INFOPLIST_FILE = NutshellTests/Info.plist;
				LD_RUNPATH_SEARCH_PATHS = "$(inherited) @executable_path/Frameworks @loader_path/Frameworks";
				PRODUCT_BUNDLE_IDENTIFIER = org.tidepool.NutshellTests;
				PRODUCT_NAME = "$(TARGET_NAME)";
				TEST_HOST = "$(BUILT_PRODUCTS_DIR)/Nutshell.app/Nutshell";
			};
			name = Release;
		};
		4859FCE71B9A4DE5000C1269 /* Debug */ = {
			isa = XCBuildConfiguration;
			buildSettings = {
				INFOPLIST_FILE = NutshellUITests/Info.plist;
				LD_RUNPATH_SEARCH_PATHS = "$(inherited) @executable_path/Frameworks @loader_path/Frameworks";
				PRODUCT_BUNDLE_IDENTIFIER = org.tidepool.NutshellUITests;
				PRODUCT_NAME = "$(TARGET_NAME)";
				TEST_TARGET_NAME = Nutshell;
				USES_XCTRUNNER = YES;
			};
			name = Debug;
		};
		4859FCE81B9A4DE5000C1269 /* Release */ = {
			isa = XCBuildConfiguration;
			buildSettings = {
				INFOPLIST_FILE = NutshellUITests/Info.plist;
				LD_RUNPATH_SEARCH_PATHS = "$(inherited) @executable_path/Frameworks @loader_path/Frameworks";
				PRODUCT_BUNDLE_IDENTIFIER = org.tidepool.NutshellUITests;
				PRODUCT_NAME = "$(TARGET_NAME)";
				TEST_TARGET_NAME = Nutshell;
				USES_XCTRUNNER = YES;
			};
			name = Release;
		};
/* End XCBuildConfiguration section */

/* Begin XCConfigurationList section */
		4859FCB01B9A4DE4000C1269 /* Build configuration list for PBXProject "Nutshell" */ = {
			isa = XCConfigurationList;
			buildConfigurations = (
				4859FCDE1B9A4DE5000C1269 /* Debug */,
				4859FCDF1B9A4DE5000C1269 /* Release */,
			);
			defaultConfigurationIsVisible = 0;
			defaultConfigurationName = Release;
		};
		4859FCE01B9A4DE5000C1269 /* Build configuration list for PBXNativeTarget "Nutshell" */ = {
			isa = XCConfigurationList;
			buildConfigurations = (
				4859FCE11B9A4DE5000C1269 /* Debug */,
				4859FCE21B9A4DE5000C1269 /* Release */,
			);
			defaultConfigurationIsVisible = 0;
			defaultConfigurationName = Release;
		};
		4859FCE31B9A4DE5000C1269 /* Build configuration list for PBXNativeTarget "NutshellTests" */ = {
			isa = XCConfigurationList;
			buildConfigurations = (
				4859FCE41B9A4DE5000C1269 /* Debug */,
				4859FCE51B9A4DE5000C1269 /* Release */,
			);
			defaultConfigurationIsVisible = 0;
			defaultConfigurationName = Release;
		};
		4859FCE61B9A4DE5000C1269 /* Build configuration list for PBXNativeTarget "NutshellUITests" */ = {
			isa = XCConfigurationList;
			buildConfigurations = (
				4859FCE71B9A4DE5000C1269 /* Debug */,
				4859FCE81B9A4DE5000C1269 /* Release */,
			);
			defaultConfigurationIsVisible = 0;
			defaultConfigurationName = Release;
		};
/* End XCConfigurationList section */

/* Begin XCVersionGroup section */
		4859FCBF1B9A4DE4000C1269 /* Nutshell.xcdatamodeld */ = {
			isa = XCVersionGroup;
			children = (
				4859FCC01B9A4DE4000C1269 /* Nutshell.xcdatamodel */,
			);
			currentVersion = 4859FCC01B9A4DE4000C1269 /* Nutshell.xcdatamodel */;
			path = Nutshell.xcdatamodeld;
			sourceTree = "<group>";
			versionGroupType = wrapper.xcdatamodel;
		};
/* End XCVersionGroup section */
	};
	rootObject = 4859FCAD1B9A4DE4000C1269 /* Project object */;
}
