PODS:
  - Alamofire (3.1.5)
  - CocoaLumberjack/Core (2.2.0)
  - CocoaLumberjack/Default (2.2.0):
    - CocoaLumberjack/Core
  - CocoaLumberjack/Extensions (2.2.0):
    - CocoaLumberjack/Default
  - CocoaLumberjack/Swift (2.2.0):
    - CocoaLumberjack/Extensions
  - CryptoSwift (0.2.3)
  - SwiftyJSON (2.3.2)

DEPENDENCIES:
  - Alamofire (= 3.1.5)
  - CocoaLumberjack/Swift (~> 2.2.0)
  - CryptoSwift (~> 0.2.3)
  - SwiftyJSON (= 2.3.2)

SPEC CHECKSUMS:
  Alamofire: 5f730ba29fd113b7ddd71c1e65d0c630acf5d7b0
  CocoaLumberjack: 17fe8581f84914d5d7e6360f7c70022b173c3ae0
  CryptoSwift: b2bf37b8e7cc6d682ef3365cb966bc5ae5174aa5
  SwiftyJSON: 04ccea08915aa0109039157c7974cf0298da292a

COCOAPODS: 0.39.0
