PODS:
  - Alamofire (4.3.0)
  - CocoaLumberjack/Core (3.0.0)
  - CocoaLumberjack/Default (3.0.0):
    - CocoaLumberjack/Core
  - CocoaLumberjack/Extensions (3.0.0):
    - CocoaLumberjack/Default
  - CocoaLumberjack/Swift (3.0.0):
    - CocoaLumberjack/Extensions
  - CryptoSwift (0.6.7)
  - SwiftyJSON (3.1.4)

DEPENDENCIES:
  - Alamofire (= 4.3.0)
  - CocoaLumberjack/Swift (~> 3.0.0)
  - CryptoSwift (~> 0.6.7)
  - SwiftyJSON (= 3.1.4)

SPEC CHECKSUMS:
  Alamofire: 856a113053a7bc9cbe5d6367a555d773fc5cfef7
  CocoaLumberjack: c823149bccc5519a9447aeb433be7b1212a7d6a5
  CryptoSwift: 685ae257941e5447474348a2b545583e1a16b573
  SwiftyJSON: c2842d878f95482ffceec5709abc3d05680c0220

PODFILE CHECKSUM: ecbc82fddad4bff6de7fdcedc937c9ecba5ed21e

COCOAPODS: 1.2.0
